
Microsoft Visual Studio Solution File, Format Version 12.00
# Visual Studio 15
VisualStudioVersion = 15.0.28307.271
MinimumVisualStudioVersion = 10.0.40219.1
Project("{9A19103F-16F7-4668-BE54-9A1E7A4F7556}") = "01.WeddingHall", "01.WeddingHall\01.WeddingHall.csproj", "{4D5C1662-552D-4600-B42C-3C991045108B}"
EndProject
Project("{FAE04EC0-301F-11D3-BF4B-00C04F79EFBC}") = "01.WeddingTime", "01.WeddingTime\01.WeddingTime.csproj", "{6DA01773-42A0-4950-8D9D-7B1E77E5033C}"
EndProject
Global
	GlobalSection(SolutionConfigurationPlatforms) = preSolution
		Debug|Any CPU = Debug|Any CPU
		Release|Any CPU = Release|Any CPU
	EndGlobalSection
	GlobalSection(ProjectConfigurationPlatforms) = postSolution
		{4D5C1662-552D-4600-B42C-3C991045108B}.Debug|Any CPU.ActiveCfg = Debug|Any CPU
		{4D5C1662-552D-4600-B42C-3C991045108B}.Debug|Any CPU.Build.0 = Debug|Any CPU
		{4D5C1662-552D-4600-B42C-3C991045108B}.Release|Any CPU.ActiveCfg = Release|Any CPU
		{4D5C1662-552D-4600-B42C-3C991045108B}.Release|Any CPU.Build.0 = Release|Any CPU
		{6DA01773-42A0-4950-8D9D-7B1E77E5033C}.Debug|Any CPU.ActiveCfg = Debug|Any CPU
		{6DA01773-42A0-4950-8D9D-7B1E77E5033C}.Debug|Any CPU.Build.0 = Debug|Any CPU
		{6DA01773-42A0-4950-8D9D-7B1E77E5033C}.Release|Any CPU.ActiveCfg = Release|Any CPU
		{6DA01773-42A0-4950-8D9D-7B1E77E5033C}.Release|Any CPU.Build.0 = Release|Any CPU
	EndGlobalSection
	GlobalSection(SolutionProperties) = preSolution
		HideSolutionNode = FALSE
	EndGlobalSection
	GlobalSection(ExtensibilityGlobals) = postSolution
		SolutionGuid = {75C13473-5679-4E21-956A-51CE8CE7719D}
	EndGlobalSection
EndGlobal
